
Microsoft Visual Studio Solution File, Format Version 12.00
# Visual Studio Version 17
VisualStudioVersion = 17.14.36212.18 d17.14
MinimumVisualStudioVersion = 10.0.40219.1
Project("{FAE04EC0-301F-11D3-BF4B-00C04F79EFBC}") = "PracticeWebApplication", "PracticeWebApplication.csproj", "{E7021571-4BD1-4B12-996D-9F93CF1E25EE}"
EndProject
Global
	GlobalSection(SolutionConfigurationPlatforms) = preSolution
		Debug|Any CPU = Debug|Any CPU
		Release|Any CPU = Release|Any CPU
	EndGlobalSection
	GlobalSection(ProjectConfigurationPlatforms) = postSolution
		{E7021571-4BD1-4B12-996D-9F93CF1E25EE}.Debug|Any CPU.ActiveCfg = Debug|Any CPU
		{E7021571-4BD1-4B12-996D-9F93CF1E25EE}.Debug|Any CPU.Build.0 = Debug|Any CPU
		{E7021571-4BD1-4B12-996D-9F93CF1E25EE}.Release|Any CPU.ActiveCfg = Release|Any CPU
		{E7021571-4BD1-4B12-996D-9F93CF1E25EE}.Release|Any CPU.Build.0 = Release|Any CPU
	EndGlobalSection
	GlobalSection(SolutionProperties) = preSolution
		HideSolutionNode = FALSE
	EndGlobalSection
	GlobalSection(ExtensibilityGlobals) = postSolution
		SolutionGuid = {96963CD4-7723-4099-AE76-4D3426D407E2}
	EndGlobalSection
EndGlobal
